// !$*UTF8*$!
{
	archiveVersion = 1;
	classes = {
	};
	objectVersion = 46;
	objects = {

/* Begin PBXBuildFile section */
		EC4DD3B31C9836C70014283C /* AppDelegate.swift in Sources */ = {isa = PBXBuildFile; fileRef = EC4DD3B21C9836C70014283C /* AppDelegate.swift */; };
		EC4DD3B51C9836C70014283C /* ViewController.swift in Sources */ = {isa = PBXBuildFile; fileRef = EC4DD3B41C9836C70014283C /* ViewController.swift */; };
		EC4DD3B81C9836C70014283C /* Main.storyboard in Resources */ = {isa = PBXBuildFile; fileRef = EC4DD3B61C9836C70014283C /* Main.storyboard */; };
		EC4DD3BA1C9836C70014283C /* Assets.xcassets in Resources */ = {isa = PBXBuildFile; fileRef = EC4DD3B91C9836C70014283C /* Assets.xcassets */; };
		EC4DD3BD1C9836C70014283C /* LaunchScreen.storyboard in Resources */ = {isa = PBXBuildFile; fileRef = EC4DD3BB1C9836C70014283C /* LaunchScreen.storyboard */; };
		EC4DD3C81C9836C70014283C /* DonutChartTests.swift in Sources */ = {isa = PBXBuildFile; fileRef = EC4DD3C71C9836C70014283C /* DonutChartTests.swift */; };
/* End PBXBuildFile section */

/* Begin PBXContainerItemProxy section */
		EC4DD3C41C9836C70014283C /* PBXContainerItemProxy */ = {
			isa = PBXContainerItemProxy;
			containerPortal = EC4DD3A71C9836C70014283C /* Project object */;
			proxyType = 1;
			remoteGlobalIDString = EC4DD3AE1C9836C70014283C;
			remoteInfo = DonutChart;
		};
/* End PBXContainerItemProxy section */

/* Begin PBXFileReference section */
		EC4DD3AF1C9836C70014283C /* DonutChart.app */ = {isa = PBXFileReference; explicitFileType = wrapper.application; includeInIndex = 0; path = DonutChart.app; sourceTree = BUILT_PRODUCTS_DIR; };
		EC4DD3B21C9836C70014283C /* AppDelegate.swift */ = {isa = PBXFileReference; lastKnownFileType = sourcecode.swift; path = AppDelegate.swift; sourceTree = "<group>"; };
		EC4DD3B41C9836C70014283C /* ViewController.swift */ = {isa = PBXFileReference; lastKnownFileType = sourcecode.swift; path = ViewController.swift; sourceTree = "<group>"; };
		EC4DD3B71C9836C70014283C /* Base */ = {isa = PBXFileReference; lastKnownFileType = file.storyboard; name = Base; path = Base.lproj/Main.storyboard; sourceTree = "<group>"; };
		EC4DD3B91C9836C70014283C /* Assets.xcassets */ = {isa = PBXFileReference; lastKnownFileType = folder.assetcatalog; path = Assets.xcassets; sourceTree = "<group>"; };
		EC4DD3BC1C9836C70014283C /* Base */ = {isa = PBXFileReference; lastKnownFileType = file.storyboard; name = Base; path = Base.lproj/LaunchScreen.storyboard; sourceTree = "<group>"; };
		EC4DD3BE1C9836C70014283C /* Info.plist */ = {isa = PBXFileReference; lastKnownFileType = text.plist.xml; path = Info.plist; sourceTree = "<group>"; };
		EC4DD3C31C9836C70014283C /* DonutChartTests.xctest */ = {isa = PBXFileReference; explicitFileType = wrapper.cfbundle; includeInIndex = 0; path = DonutChartTests.xctest; sourceTree = BUILT_PRODUCTS_DIR; };
		EC4DD3C71C9836C70014283C /* DonutChartTests.swift */ = {isa = PBXFileReference; lastKnownFileType = sourcecode.swift; path = DonutChartTests.swift; sourceTree = "<group>"; };
		EC4DD3C91C9836C70014283C /* Info.plist */ = {isa = PBXFileReference; lastKnownFileType = text.plist.xml; path = Info.plist; sourceTree = "<group>"; };
/* End PBXFileReference section */

/* Begin PBXFrameworksBuildPhase section */
		EC4DD3AC1C9836C70014283C /* Frameworks */ = {
			isa = PBXFrameworksBuildPhase;
			buildActionMask = 2147483647;
			files = (
			);
			runOnlyForDeploymentPostprocessing = 0;
		};
		EC4DD3C01C9836C70014283C /* Frameworks */ = {
			isa = PBXFrameworksBuildPhase;
			buildActionMask = 2147483647;
			files = (
			);
			runOnlyForDeploymentPostprocessing = 0;
		};
/* End PBXFrameworksBuildPhase section */

/* Begin PBXGroup section */
		EC4DD3A61C9836C70014283C = {
			isa = PBXGroup;
			children = (
				EC4DD3B11C9836C70014283C /* DonutChart */,
				EC4DD3C61C9836C70014283C /* DonutChartTests */,
				EC4DD3B01C9836C70014283C /* Products */,
			);
			sourceTree = "<group>";
		};
		EC4DD3B01C9836C70014283C /* Products */ = {
			isa = PBXGroup;
			children = (
				EC4DD3AF1C9836C70014283C /* DonutChart.app */,
				EC4DD3C31C9836C70014283C /* DonutChartTests.xctest */,
			);
			name = Products;
			sourceTree = "<group>";
		};
		EC4DD3B11C9836C70014283C /* DonutChart */ = {
			isa = PBXGroup;
			children = (
				EC4DD3B21C9836C70014283C /* AppDelegate.swift */,
				EC4DD3B41C9836C70014283C /* ViewController.swift */,
				EC4DD3B61C9836C70014283C /* Main.storyboard */,
				EC4DD3B91C9836C70014283C /* Assets.xcassets */,
				EC4DD3BB1C9836C70014283C /* LaunchScreen.storyboard */,
				EC4DD3BE1C9836C70014283C /* Info.plist */,
			);
			path = DonutChart;
			sourceTree = "<group>";
		};
		EC4DD3C61C9836C70014283C /* DonutChartTests */ = {
			isa = PBXGroup;
			children = (
				EC4DD3C71C9836C70014283C /* DonutChartTests.swift */,
				EC4DD3C91C9836C70014283C /* Info.plist */,
			);
			path = DonutChartTests;
			sourceTree = "<group>";
		};
/* End PBXGroup section */

/* Begin PBXNativeTarget section */
		EC4DD3AE1C9836C70014283C /* DonutChart */ = {
			isa = PBXNativeTarget;
			buildConfigurationList = EC4DD3CC1C9836C70014283C /* Build configuration list for PBXNativeTarget "DonutChart" */;
			buildPhases = (
				EC4DD3AB1C9836C70014283C /* Sources */,
				EC4DD3AC1C9836C70014283C /* Frameworks */,
				EC4DD3AD1C9836C70014283C /* Resources */,
			);
			buildRules = (
			);
			dependencies = (
			);
			name = DonutChart;
			productName = DonutChart;
			productReference = EC4DD3AF1C9836C70014283C /* DonutChart.app */;
			productType = "com.apple.product-type.application";
		};
		EC4DD3C21C9836C70014283C /* DonutChartTests */ = {
			isa = PBXNativeTarget;
			buildConfigurationList = EC4DD3CF1C9836C70014283C /* Build configuration list for PBXNativeTarget "DonutChartTests" */;
			buildPhases = (
				EC4DD3BF1C9836C70014283C /* Sources */,
				EC4DD3C01C9836C70014283C /* Frameworks */,
				EC4DD3C11C9836C70014283C /* Resources */,
			);
			buildRules = (
			);
			dependencies = (
				EC4DD3C51C9836C70014283C /* PBXTargetDependency */,
			);
			name = DonutChartTests;
			productName = DonutChartTests;
			productReference = EC4DD3C31C9836C70014283C /* DonutChartTests.xctest */;
			productType = "com.apple.product-type.bundle.unit-test";
		};
/* End PBXNativeTarget section */

/* Begin PBXProject section */
		EC4DD3A71C9836C70014283C /* Project object */ = {
			isa = PBXProject;
			attributes = {
				LastSwiftUpdateCheck = 0720;
				LastUpgradeCheck = 0720;
				ORGANIZATIONNAME = "Wojciech Charysz";
				TargetAttributes = {
					EC4DD3AE1C9836C70014283C = {
						CreatedOnToolsVersion = 7.2.1;
					};
					EC4DD3C21C9836C70014283C = {
						CreatedOnToolsVersion = 7.2.1;
						TestTargetID = EC4DD3AE1C9836C70014283C;
					};
				};
			};
			buildConfigurationList = EC4DD3AA1C9836C70014283C /* Build configuration list for PBXProject "DonutChart" */;
			compatibilityVersion = "Xcode 3.2";
			developmentRegion = English;
			hasScannedForEncodings = 0;
			knownRegions = (
				en,
				Base,
			);
			mainGroup = EC4DD3A61C9836C70014283C;
			productRefGroup = EC4DD3B01C9836C70014283C /* Products */;
			projectDirPath = "";
			projectRoot = "";
			targets = (
				EC4DD3AE1C9836C70014283C /* DonutChart */,
				EC4DD3C21C9836C70014283C /* DonutChartTests */,
			);
		};
/* End PBXProject section */

/* Begin PBXResourcesBuildPhase section */
		EC4DD3AD1C9836C70014283C /* Resources */ = {
			isa = PBXResourcesBuildPhase;
			buildActionMask = 2147483647;
			files = (
				EC4DD3BD1C9836C70014283C /* LaunchScreen.storyboard in Resources */,
				EC4DD3BA1C9836C70014283C /* Assets.xcassets in Resources */,
				EC4DD3B81C9836C70014283C /* Main.storyboard in Resources */,
			);
			runOnlyForDeploymentPostprocessing = 0;
		};
		EC4DD3C11C9836C70014283C /* Resources */ = {
			isa = PBXResourcesBuildPhase;
			buildActionMask = 2147483647;
			files = (
			);
			runOnlyForDeploymentPostprocessing = 0;
		};
/* End PBXResourcesBuildPhase section */

/* Begin PBXSourcesBuildPhase section */
		EC4DD3AB1C9836C70014283C /* Sources */ = {
			isa = PBXSourcesBuildPhase;
			buildActionMask = 2147483647;
			files = (
				EC4DD3B51C9836C70014283C /* ViewController.swift in Sources */,
				EC4DD3B31C9836C70014283C /* AppDelegate.swift in Sources */,
			);
			runOnlyForDeploymentPostprocessing = 0;
		};
		EC4DD3BF1C9836C70014283C /* Sources */ = {
			isa = PBXSourcesBuildPhase;
			buildActionMask = 2147483647;
			files = (
				EC4DD3C81C9836C70014283C /* DonutChartTests.swift in Sources */,
			);
			runOnlyForDeploymentPostprocessing = 0;
		};
/* End PBXSourcesBuildPhase section */

/* Begin PBXTargetDependency section */
		EC4DD3C51C9836C70014283C /* PBXTargetDependency */ = {
			isa = PBXTargetDependency;
			target = EC4DD3AE1C9836C70014283C /* DonutChart */;
			targetProxy = EC4DD3C41C9836C70014283C /* PBXContainerItemProxy */;
		};
/* End PBXTargetDependency section */

/* Begin PBXVariantGroup section */
		EC4DD3B61C9836C70014283C /* Main.storyboard */ = {
			isa = PBXVariantGroup;
			children = (
				EC4DD3B71C9836C70014283C /* Base */,
			);
			name = Main.storyboard;
			sourceTree = "<group>";
		};
		EC4DD3BB1C9836C70014283C /* LaunchScreen.storyboard */ = {
			isa = PBXVariantGroup;
			children = (
				EC4DD3BC1C9836C70014283C /* Base */,
			);
			name = LaunchScreen.storyboard;
			sourceTree = "<group>";
		};
/* End PBXVariantGroup section */

/* Begin XCBuildConfiguration section */
		EC4DD3CA1C9836C70014283C /* Debug */ = {
			isa = XCBuildConfiguration;
			buildSettings = {
				ALWAYS_SEARCH_USER_PATHS = NO;
				CLANG_CXX_LANGUAGE_STANDARD = "gnu++0x";
				CLANG_CXX_LIBRARY = "libc++";
				CLANG_ENABLE_MODULES = YES;
				CLANG_ENABLE_OBJC_ARC = YES;
				CLANG_WARN_BOOL_CONVERSION = YES;
				CLANG_WARN_CONSTANT_CONVERSION = YES;
				CLANG_WARN_DIRECT_OBJC_ISA_USAGE = YES_ERROR;
				CLANG_WARN_EMPTY_BODY = YES;
				CLANG_WARN_ENUM_CONVERSION = YES;
				CLANG_WARN_INT_CONVERSION = YES;
				CLANG_WARN_OBJC_ROOT_CLASS = YES_ERROR;
				CLANG_WARN_UNREACHABLE_CODE = YES;
				CLANG_WARN__DUPLICATE_METHOD_MATCH = YES;
				"CODE_SIGN_IDENTITY[sdk=iphoneos*]" = "iPhone Developer";
				COPY_PHASE_STRIP = NO;
				DEBUG_INFORMATION_FORMAT = dwarf;
				ENABLE_STRICT_OBJC_MSGSEND = YES;
				ENABLE_TESTABILITY = YES;
				GCC_C_LANGUAGE_STANDARD = gnu99;
				GCC_DYNAMIC_NO_PIC = NO;
				GCC_NO_COMMON_BLOCKS = YES;
				GCC_OPTIMIZATION_LEVEL = 0;
				GCC_PREPROCESSOR_DEFINITIONS = (
					"DEBUG=1",
					"$(inherited)",
				);
				GCC_WARN_64_TO_32_BIT_CONVERSION = YES;
				GCC_WARN_ABOUT_RETURN_TYPE = YES_ERROR;
				GCC_WARN_UNDECLARED_SELECTOR = YES;
				GCC_WARN_UNINITIALIZED_AUTOS = YES_AGGRESSIVE;
				GCC_WARN_UNUSED_FUNCTION = YES;
				GCC_WARN_UNUSED_VARIABLE = YES;
				IPHONEOS_DEPLOYMENT_TARGET = 9.2;
				MTL_ENABLE_DEBUG_INFO = YES;
				ONLY_ACTIVE_ARCH = YES;
				SDKROOT = iphoneos;
				SWIFT_OPTIMIZATION_LEVEL = "-Onone";
				TARGETED_DEVICE_FAMILY = "1,2";
			};
			name = Debug;
		};
		EC4DD3CB1C9836C70014283C /* Release */ = {
			isa = XCBuildConfiguration;
			buildSettings = {
				ALWAYS_SEARCH_USER_PATHS = NO;
				CLANG_CXX_LANGUAGE_STANDARD = "gnu++0x";
				CLANG_CXX_LIBRARY = "libc++";
				CLANG_ENABLE_MODULES = YES;
				CLANG_ENABLE_OBJC_ARC = YES;
				CLANG_WARN_BOOL_CONVERSION = YES;
				CLANG_WARN_CONSTANT_CONVERSION = YES;
				CLANG_WARN_DIRECT_OBJC_ISA_USAGE = YES_ERROR;
				CLANG_WARN_EMPTY_BODY = YES;
				CLANG_WARN_ENUM_CONVERSION = YES;
				CLANG_WARN_INT_CONVERSION = YES;
				CLANG_WARN_OBJC_ROOT_CLASS = YES_ERROR;
				CLANG_WARN_UNREACHABLE_CODE = YES;
				CLANG_WARN__DUPLICATE_METHOD_MATCH = YES;
				"CODE_SIGN_IDENTITY[sdk=iphoneos*]" = "iPhone Developer";
				COPY_PHASE_STRIP = NO;
				DEBUG_INFORMATION_FORMAT = "dwarf-with-dsym";
				ENABLE_NS_ASSERTIONS = NO;
				ENABLE_STRICT_OBJC_MSGSEND = YES;
				GCC_C_LANGUAGE_STANDARD = gnu99;
				GCC_NO_COMMON_BLOCKS = YES;
				GCC_WARN_64_TO_32_BIT_CONVERSION = YES;
				GCC_WARN_ABOUT_RETURN_TYPE = YES_ERROR;
				GCC_WARN_UNDECLARED_SELECTOR = YES;
				GCC_WARN_UNINITIALIZED_AUTOS = YES_AGGRESSIVE;
				GCC_WARN_UNUSED_FUNCTION = YES;
				GCC_WARN_UNUSED_VARIABLE = YES;
				IPHONEOS_DEPLOYMENT_TARGET = 9.2;
				MTL_ENABLE_DEBUG_INFO = NO;
				SDKROOT = iphoneos;
				TARGETED_DEVICE_FAMILY = "1,2";
				VALIDATE_PRODUCT = YES;
			};
			name = Release;
		};
		EC4DD3CD1C9836C70014283C /* Debug */ = {
			isa = XCBuildConfiguration;
			buildSettings = {
				ASSETCATALOG_COMPILER_APPICON_NAME = AppIcon;
				INFOPLIST_FILE = DonutChart/Info.plist;
				LD_RUNPATH_SEARCH_PATHS = "$(inherited) @executable_path/Frameworks";
				PRODUCT_BUNDLE_IDENTIFIER = wojciech.charysz.DonutChart;
				PRODUCT_NAME = "$(TARGET_NAME)";
			};
			name = Debug;
		};
		EC4DD3CE1C9836C70014283C /* Release */ = {
			isa = XCBuildConfiguration;
			buildSettings = {
				ASSETCATALOG_COMPILER_APPICON_NAME = AppIcon;
				INFOPLIST_FILE = DonutChart/Info.plist;
				LD_RUNPATH_SEARCH_PATHS = "$(inherited) @executable_path/Frameworks";
				PRODUCT_BUNDLE_IDENTIFIER = wojciech.charysz.DonutChart;
				PRODUCT_NAME = "$(TARGET_NAME)";
			};
			name = Release;
		};
		EC4DD3D01C9836C70014283C /* Debug */ = {
			isa = XCBuildConfiguration;
			buildSettings = {
				BUNDLE_LOADER = "$(TEST_HOST)";
				INFOPLIST_FILE = DonutChartTests/Info.plist;
				LD_RUNPATH_SEARCH_PATHS = "$(inherited) @executable_path/Frameworks @loader_path/Frameworks";
				PRODUCT_BUNDLE_IDENTIFIER = wojciech.charysz.DonutChartTests;
				PRODUCT_NAME = "$(TARGET_NAME)";
				TEST_HOST = "$(BUILT_PRODUCTS_DIR)/DonutChart.app/DonutChart";
			};
			name = Debug;
		};
		EC4DD3D11C9836C70014283C /* Release */ = {
			isa = XCBuildConfiguration;
			buildSettings = {
				BUNDLE_LOADER = "$(TEST_HOST)";
				INFOPLIST_FILE = DonutChartTests/Info.plist;
				LD_RUNPATH_SEARCH_PATHS = "$(inherited) @executable_path/Frameworks @loader_path/Frameworks";
				PRODUCT_BUNDLE_IDENTIFIER = wojciech.charysz.DonutChartTests;
				PRODUCT_NAME = "$(TARGET_NAME)";
				TEST_HOST = "$(BUILT_PRODUCTS_DIR)/DonutChart.app/DonutChart";
			};
			name = Release;
		};
/* End XCBuildConfiguration section */

/* Begin XCConfigurationList section */
		EC4DD3AA1C9836C70014283C /* Build configuration list for PBXProject "DonutChart" */ = {
			isa = XCConfigurationList;
			buildConfigurations = (
				EC4DD3CA1C9836C70014283C /* Debug */,
				EC4DD3CB1C9836C70014283C /* Release */,
			);
			defaultConfigurationIsVisible = 0;
			defaultConfigurationName = Release;
		};
		EC4DD3CC1C9836C70014283C /* Build configuration list for PBXNativeTarget "DonutChart" */ = {
			isa = XCConfigurationList;
			buildConfigurations = (
				EC4DD3CD1C9836C70014283C /* Debug */,
				EC4DD3CE1C9836C70014283C /* Release */,
			);
			defaultConfigurationIsVisible = 0;
		};
		EC4DD3CF1C9836C70014283C /* Build configuration list for PBXNativeTarget "DonutChartTests" */ = {
			isa = XCConfigurationList;
			buildConfigurations = (
				EC4DD3D01C9836C70014283C /* Debug */,
				EC4DD3D11C9836C70014283C /* Release */,
			);
			defaultConfigurationIsVisible = 0;
		};
/* End XCConfigurationList section */
	};
	rootObject = EC4DD3A71C9836C70014283C /* Project object */;
}
